
Microsoft Visual Studio Solution File, Format Version 12.00
# Visual Studio Version 17
VisualStudioVersion = 17.0.32112.339
MinimumVisualStudioVersion = 10.0.40219.1
Project("{FAE04EC0-301F-11D3-BF4B-00C04F79EFBC}") = "TebiiDermanBitkileri", "TebiiDermanBitkileri\TebiiDermanBitkileri.csproj", "{317C8516-EB01-4329-82ED-B01111EA195A}"
EndProject
Global
	GlobalSection(SolutionConfigurationPlatforms) = preSolution
		Debug|Any CPU = Debug|Any CPU
		Release|Any CPU = Release|Any CPU
	EndGlobalSection
	GlobalSection(ProjectConfigurationPlatforms) = postSolution
		{317C8516-EB01-4329-82ED-B01111EA195A}.Debug|Any CPU.ActiveCfg = Debug|Any CPU
		{317C8516-EB01-4329-82ED-B01111EA195A}.Debug|Any CPU.Build.0 = Debug|Any CPU
		{317C8516-EB01-4329-82ED-B01111EA195A}.Release|Any CPU.ActiveCfg = Release|Any CPU
		{317C8516-EB01-4329-82ED-B01111EA195A}.Release|Any CPU.Build.0 = Release|Any CPU
	EndGlobalSection
	GlobalSection(SolutionProperties) = preSolution
		HideSolutionNode = FALSE
	EndGlobalSection
	GlobalSection(ExtensibilityGlobals) = postSolution
		SolutionGuid = {A9EADC0F-DE3A-48A8-BA4A-75D81C33A1A6}
	EndGlobalSection
EndGlobal
